github.com/PaulSonOfLars/gotgbot v1.0.0-beta1 h1:J7kF+/1U+BFzyRiWsBnN/arjUC0dNRL8yLWxTe/2SuY=
github.com/PaulSonOfLars/gotgbot v1.0.0-beta1/go.mod h1:MEPPNkHZkNgevbRyW5py9Bt3BZf6HTKqbXbsfxuyDQ0=
github.com/Roker2/RockBot v0.0.0-20201230125438-2596b63ac2fc h1:426Kn909YqKJJT2RtrF2+/9AQNVaIdHegiyi80KVTLg=
github.com/Roker2/RockBot v0.0.0-20201230125438-2596b63ac2fc/go.mod h1:7netNVltecC6ze0RBWixqDfONCqk6UjV8vvoVurqcPM=
github.com/glinton/ping v0.1.4-0.20200311211934-5ac87da8cd96 h1:YpooqMW354GG47PXNBiaCv6yCQizyP3MXD9NUPrCEQ8=
github.com/glinton/ping v0.1.4-0.20200311211934-5ac87da8cd96/go.mod h1:uY+1eqFUyotrQxF1wYFNtMeHp/swbYRsoGzfcPZ8x3o=
github.com/lib/pq v1.8.1-0.20200908161135-083382b7e6fc h1:ERSU1OvZ6MdWhHieo2oT7xwR/HCksqKdgK6iYPU5pHI=
github.com/lib/pq v1.8.1-0.20200908161135-083382b7e6fc/go.mod h1:AlVN5x4E4T544tWzH6hKfbfQvm3HdbOxrmggDNAPY9o=
github.com/pkg/errors v0.9.1 h1:FEBLx1zS214owpjy7qsBeixbURkuhQAwrK5UwLGTwt4=
github.com/pkg/errors v0.9.1/go.mod h1:bwawxfHBFNV+L2hUp1rHADufV3IMtnDRdf1r5NINEl0=
github.com/sirupsen/logrus v1.7.1-0.20201121183040-a752a62f5ec3 h1:9Zp0vHWPhSzjgUf1NJ7WjuSQmMiZp4VaMPMhgHkHYQc=
github.com/sirupsen/logrus v1.7.1-0.20201121183040-a752a62f5ec3/go.mod h1:yWOB1SBYBC5VeMP7gHvWumXLIWorT60ONWic61uBYv0=
go.uber.org/atomic v1.7.0 h1:ADUqmZGgLDDfbSL9ZmPxKTybcoEYHgpYfELNoN+7hsw=
go.uber.org/atomic v1.7.0/go.mod h1:fEN4uk6kAWBTFdckzkM89CLk9XfWZrxpCo0nPH17wJc=
go.uber.org/multierr v1.6.1-0.20201027220001-0eb6eb5383b9 h1:x9mpgcQ2y4rYMYwmQBkKDVk7bfFelqcID9AzhppHRwo=
go.uber.org/multierr v1.6.1-0.20201027220001-0eb6eb5383b9/go.mod h1:h7z0v5NY4m8Hu7pZqg6F0atCdNJ8RHe7bWtpLzdwB7Q=
go.uber.org/zap v1.16.1-0.20201112215912-9d2e5dea6deb h1:IW328j/pmvsLRbuLN96mxDOBJsuLCRvkf3tZIx00wiU=
go.uber.org/zap v1.16.1-0.20201112215912-9d2e5dea6deb/go.mod h1:MA8QOfq0BHJwdXa996Y4dYkAqRKB8/1K1QMMZVaNZjQ=
golang.org/x/net v0.0.0-20201110031124-69a78807bb2b h1:uwuIcX0g4Yl1NC5XAz37xsr2lTtcqevgzYNVt49waME=
golang.org/x/net v0.0.0-20201110031124-69a78807bb2b/go.mod h1:sp8m0HH+o8qH0wwXwYZr8TS3Oi6o0r6Gce1SSxlDquU=
golang.org/x/sys v0.0.0-20201119102817-f84b799fce68 h1:nxC68pudNYkKU6jWhgrqdreuFiOQWj1Fs7T3VrH4Pjw=
golang.org/x/sys v0.0.0-20201119102817-f84b799fce68/go.mod h1:h1NjWce9XRLGQEsW7wpKNCjG9DtNlClVuFLEZdDNbEs=
